
Microsoft Visual Studio Solution File, Format Version 12.00
# Visual Studio Version 17
VisualStudioVersion = 17.4.33110.190
MinimumVisualStudioVersion = 10.0.40219.1
Project("{FAE04EC0-301F-11D3-BF4B-00C04F79EFBC}") = "CompressFile", "CompressFile\CompressFile.csproj", "{7B00AFC0-C1D4-4EE6-AA81-AA60720A0559}"
EndProject
Global
	GlobalSection(SolutionConfigurationPlatforms) = preSolution
		Debug|Any CPU = Debug|Any CPU
		Release|Any CPU = Release|Any CPU
	EndGlobalSection
	GlobalSection(ProjectConfigurationPlatforms) = postSolution
		{7B00AFC0-C1D4-4EE6-AA81-AA60720A0559}.Debug|Any CPU.ActiveCfg = Debug|Any CPU
		{7B00AFC0-C1D4-4EE6-AA81-AA60720A0559}.Debug|Any CPU.Build.0 = Debug|Any CPU
		{7B00AFC0-C1D4-4EE6-AA81-AA60720A0559}.Release|Any CPU.ActiveCfg = Release|Any CPU
		{7B00AFC0-C1D4-4EE6-AA81-AA60720A0559}.Release|Any CPU.Build.0 = Release|Any CPU
	EndGlobalSection
	GlobalSection(SolutionProperties) = preSolution
		HideSolutionNode = FALSE
	EndGlobalSection
	GlobalSection(ExtensibilityGlobals) = postSolution
		SolutionGuid = {A59CE79F-929D-4711-B45A-2013DD3E63E8}
	EndGlobalSection
EndGlobal
